
Microsoft Visual Studio Solution File, Format Version 12.00
# Visual Studio Version 17
VisualStudioVersion = 17.9.34902.65
MinimumVisualStudioVersion = 10.0.40219.1
Project("{FAE04EC0-301F-11D3-BF4B-00C04F79EFBC}") = "Aula68_teste01", "Aula68_teste01.csproj", "{56C1005C-75D5-4244-9A83-07EB7A9C6AF8}"
EndProject
Global
	GlobalSection(SolutionConfigurationPlatforms) = preSolution
		Debug|Any CPU = Debug|Any CPU
		Release|Any CPU = Release|Any CPU
	EndGlobalSection
	GlobalSection(ProjectConfigurationPlatforms) = postSolution
		{56C1005C-75D5-4244-9A83-07EB7A9C6AF8}.Debug|Any CPU.ActiveCfg = Debug|Any CPU
		{56C1005C-75D5-4244-9A83-07EB7A9C6AF8}.Debug|Any CPU.Build.0 = Debug|Any CPU
		{56C1005C-75D5-4244-9A83-07EB7A9C6AF8}.Release|Any CPU.ActiveCfg = Release|Any CPU
		{56C1005C-75D5-4244-9A83-07EB7A9C6AF8}.Release|Any CPU.Build.0 = Release|Any CPU
	EndGlobalSection
	GlobalSection(SolutionProperties) = preSolution
		HideSolutionNode = FALSE
	EndGlobalSection
	GlobalSection(ExtensibilityGlobals) = postSolution
		SolutionGuid = {E9F1985A-3D0C-4417-A786-671A127B2ED9}
	EndGlobalSection
EndGlobal
