
Microsoft Visual Studio Solution File, Format Version 12.00
# Visual Studio Version 17
VisualStudioVersion = 17.9.34902.65
MinimumVisualStudioVersion = 10.0.40219.1
Project("{FAE04EC0-301F-11D3-BF4B-00C04F79EFBC}") = "Bee1143", "Bee1143.csproj", "{D16AA66E-D3C0-496C-A151-C05F178BAEBD}"
EndProject
Global
	GlobalSection(SolutionConfigurationPlatforms) = preSolution
		Debug|Any CPU = Debug|Any CPU
		Release|Any CPU = Release|Any CPU
	EndGlobalSection
	GlobalSection(ProjectConfigurationPlatforms) = postSolution
		{D16AA66E-D3C0-496C-A151-C05F178BAEBD}.Debug|Any CPU.ActiveCfg = Debug|Any CPU
		{D16AA66E-D3C0-496C-A151-C05F178BAEBD}.Debug|Any CPU.Build.0 = Debug|Any CPU
		{D16AA66E-D3C0-496C-A151-C05F178BAEBD}.Release|Any CPU.ActiveCfg = Release|Any CPU
		{D16AA66E-D3C0-496C-A151-C05F178BAEBD}.Release|Any CPU.Build.0 = Release|Any CPU
	EndGlobalSection
	GlobalSection(SolutionProperties) = preSolution
		HideSolutionNode = FALSE
	EndGlobalSection
	GlobalSection(ExtensibilityGlobals) = postSolution
		SolutionGuid = {5E90462D-1FB8-4951-8AD3-52780C9668E2}
	EndGlobalSection
EndGlobal
