
Microsoft Visual Studio Solution File, Format Version 12.00
# Visual Studio Version 17
VisualStudioVersion = 17.9.34714.143
MinimumVisualStudioVersion = 10.0.40219.1
Project("{FAE04EC0-301F-11D3-BF4B-00C04F79EFBC}") = "Aula34_CondicionalComposta", "Aula34_CondicionalComposta\Aula34_CondicionalComposta.csproj", "{4AFE4748-8D71-4957-81FB-0DF8D1729002}"
EndProject
Global
	GlobalSection(SolutionConfigurationPlatforms) = preSolution
		Debug|Any CPU = Debug|Any CPU
		Release|Any CPU = Release|Any CPU
	EndGlobalSection
	GlobalSection(ProjectConfigurationPlatforms) = postSolution
		{4AFE4748-8D71-4957-81FB-0DF8D1729002}.Debug|Any CPU.ActiveCfg = Debug|Any CPU
		{4AFE4748-8D71-4957-81FB-0DF8D1729002}.Debug|Any CPU.Build.0 = Debug|Any CPU
		{4AFE4748-8D71-4957-81FB-0DF8D1729002}.Release|Any CPU.ActiveCfg = Release|Any CPU
		{4AFE4748-8D71-4957-81FB-0DF8D1729002}.Release|Any CPU.Build.0 = Release|Any CPU
	EndGlobalSection
	GlobalSection(SolutionProperties) = preSolution
		HideSolutionNode = FALSE
	EndGlobalSection
	GlobalSection(ExtensibilityGlobals) = postSolution
		SolutionGuid = {22E1074F-3AC9-4EC7-BA89-B7EBE3087C85}
	EndGlobalSection
EndGlobal
