
Microsoft Visual Studio Solution File, Format Version 12.00
# Visual Studio Version 17
VisualStudioVersion = 17.9.34902.65
MinimumVisualStudioVersion = 10.0.40219.1
Project("{FAE04EC0-301F-11D3-BF4B-00C04F79EFBC}") = "Aula49Urionline1078", "Aula49Urionline1078\Aula49Urionline1078.csproj", "{3A34793A-E7CF-4BB4-A805-DF98FA162B4B}"
EndProject
Global
	GlobalSection(SolutionConfigurationPlatforms) = preSolution
		Debug|Any CPU = Debug|Any CPU
		Release|Any CPU = Release|Any CPU
	EndGlobalSection
	GlobalSection(ProjectConfigurationPlatforms) = postSolution
		{3A34793A-E7CF-4BB4-A805-DF98FA162B4B}.Debug|Any CPU.ActiveCfg = Debug|Any CPU
		{3A34793A-E7CF-4BB4-A805-DF98FA162B4B}.Debug|Any CPU.Build.0 = Debug|Any CPU
		{3A34793A-E7CF-4BB4-A805-DF98FA162B4B}.Release|Any CPU.ActiveCfg = Release|Any CPU
		{3A34793A-E7CF-4BB4-A805-DF98FA162B4B}.Release|Any CPU.Build.0 = Release|Any CPU
	EndGlobalSection
	GlobalSection(SolutionProperties) = preSolution
		HideSolutionNode = FALSE
	EndGlobalSection
	GlobalSection(ExtensibilityGlobals) = postSolution
		SolutionGuid = {DF01630B-68AD-4CDA-9FE7-6C5C6DB650A2}
	EndGlobalSection
EndGlobal
