
Microsoft Visual Studio Solution File, Format Version 12.00
# Visual Studio Version 17
VisualStudioVersion = 17.8.34525.116
MinimumVisualStudioVersion = 10.0.40219.1
Project("{FAE04EC0-301F-11D3-BF4B-00C04F79EFBC}") = "Aula23Urionline1005", "Aula23Urionline1005\Aula23Urionline1005.csproj", "{AE855F96-2D6D-4502-A5CA-5763A6B0B055}"
EndProject
Global
	GlobalSection(SolutionConfigurationPlatforms) = preSolution
		Debug|Any CPU = Debug|Any CPU
		Release|Any CPU = Release|Any CPU
	EndGlobalSection
	GlobalSection(ProjectConfigurationPlatforms) = postSolution
		{AE855F96-2D6D-4502-A5CA-5763A6B0B055}.Debug|Any CPU.ActiveCfg = Debug|Any CPU
		{AE855F96-2D6D-4502-A5CA-5763A6B0B055}.Debug|Any CPU.Build.0 = Debug|Any CPU
		{AE855F96-2D6D-4502-A5CA-5763A6B0B055}.Release|Any CPU.ActiveCfg = Release|Any CPU
		{AE855F96-2D6D-4502-A5CA-5763A6B0B055}.Release|Any CPU.Build.0 = Release|Any CPU
	EndGlobalSection
	GlobalSection(SolutionProperties) = preSolution
		HideSolutionNode = FALSE
	EndGlobalSection
	GlobalSection(ExtensibilityGlobals) = postSolution
		SolutionGuid = {A14C0277-D391-4C32-88AB-CB3241CD5966}
	EndGlobalSection
EndGlobal
