
Microsoft Visual Studio Solution File, Format Version 12.00
# Visual Studio Version 17
VisualStudioVersion = 17.8.34525.116
MinimumVisualStudioVersion = 10.0.40219.1
Project("{FAE04EC0-301F-11D3-BF4B-00C04F79EFBC}") = "Aula17_Entrada_Dados", "Aula17_Entrada_Dados\Aula17_Entrada_Dados.csproj", "{04F8320C-6BB6-4B18-8D1B-E20F5C76CCFE}"
EndProject
Global
	GlobalSection(SolutionConfigurationPlatforms) = preSolution
		Debug|Any CPU = Debug|Any CPU
		Release|Any CPU = Release|Any CPU
	EndGlobalSection
	GlobalSection(ProjectConfigurationPlatforms) = postSolution
		{04F8320C-6BB6-4B18-8D1B-E20F5C76CCFE}.Debug|Any CPU.ActiveCfg = Debug|Any CPU
		{04F8320C-6BB6-4B18-8D1B-E20F5C76CCFE}.Debug|Any CPU.Build.0 = Debug|Any CPU
		{04F8320C-6BB6-4B18-8D1B-E20F5C76CCFE}.Release|Any CPU.ActiveCfg = Release|Any CPU
		{04F8320C-6BB6-4B18-8D1B-E20F5C76CCFE}.Release|Any CPU.Build.0 = Release|Any CPU
	EndGlobalSection
	GlobalSection(SolutionProperties) = preSolution
		HideSolutionNode = FALSE
	EndGlobalSection
	GlobalSection(ExtensibilityGlobals) = postSolution
		SolutionGuid = {082FEFF4-71A3-40E7-8D4A-31119B38BBFF}
	EndGlobalSection
EndGlobal
