
Microsoft Visual Studio Solution File, Format Version 12.00
# Visual Studio Version 17
VisualStudioVersion = 17.9.34902.65
MinimumVisualStudioVersion = 10.0.40219.1
Project("{FAE04EC0-301F-11D3-BF4B-00C04F79EFBC}") = "Aula66_Resolvido01", "Aula66_Resolvido01.csproj", "{50032D99-E1EB-415A-8F9A-1481C956B2E3}"
EndProject
Global
	GlobalSection(SolutionConfigurationPlatforms) = preSolution
		Debug|Any CPU = Debug|Any CPU
		Release|Any CPU = Release|Any CPU
	EndGlobalSection
	GlobalSection(ProjectConfigurationPlatforms) = postSolution
		{50032D99-E1EB-415A-8F9A-1481C956B2E3}.Debug|Any CPU.ActiveCfg = Debug|Any CPU
		{50032D99-E1EB-415A-8F9A-1481C956B2E3}.Debug|Any CPU.Build.0 = Debug|Any CPU
		{50032D99-E1EB-415A-8F9A-1481C956B2E3}.Release|Any CPU.ActiveCfg = Release|Any CPU
		{50032D99-E1EB-415A-8F9A-1481C956B2E3}.Release|Any CPU.Build.0 = Release|Any CPU
	EndGlobalSection
	GlobalSection(SolutionProperties) = preSolution
		HideSolutionNode = FALSE
	EndGlobalSection
	GlobalSection(ExtensibilityGlobals) = postSolution
		SolutionGuid = {68CFAEFF-2563-4246-A7EB-5312D0163C6A}
	EndGlobalSection
EndGlobal
