
Microsoft Visual Studio Solution File, Format Version 12.00
# Visual Studio Version 17
VisualStudioVersion = 17.9.34902.65
MinimumVisualStudioVersion = 10.0.40219.1
Project("{FAE04EC0-301F-11D3-BF4B-00C04F79EFBC}") = "Bee1144", "Bee1144.csproj", "{BF011A2E-6D0C-4B8C-AD31-1464E19DCF0C}"
EndProject
Global
	GlobalSection(SolutionConfigurationPlatforms) = preSolution
		Debug|Any CPU = Debug|Any CPU
		Release|Any CPU = Release|Any CPU
	EndGlobalSection
	GlobalSection(ProjectConfigurationPlatforms) = postSolution
		{BF011A2E-6D0C-4B8C-AD31-1464E19DCF0C}.Debug|Any CPU.ActiveCfg = Debug|Any CPU
		{BF011A2E-6D0C-4B8C-AD31-1464E19DCF0C}.Debug|Any CPU.Build.0 = Debug|Any CPU
		{BF011A2E-6D0C-4B8C-AD31-1464E19DCF0C}.Release|Any CPU.ActiveCfg = Release|Any CPU
		{BF011A2E-6D0C-4B8C-AD31-1464E19DCF0C}.Release|Any CPU.Build.0 = Release|Any CPU
	EndGlobalSection
	GlobalSection(SolutionProperties) = preSolution
		HideSolutionNode = FALSE
	EndGlobalSection
	GlobalSection(ExtensibilityGlobals) = postSolution
		SolutionGuid = {6831F4FB-8E59-48BA-AD51-F7A8E89990FB}
	EndGlobalSection
EndGlobal
