
Microsoft Visual Studio Solution File, Format Version 12.00
# Visual Studio Version 17
VisualStudioVersion = 17.9.34902.65
MinimumVisualStudioVersion = 10.0.40219.1
Project("{FAE04EC0-301F-11D3-BF4B-00C04F79EFBC}") = "Maio26", "Maio26.csproj", "{E1884194-7D97-490E-BD77-B5BD9268DA27}"
EndProject
Global
	GlobalSection(SolutionConfigurationPlatforms) = preSolution
		Debug|Any CPU = Debug|Any CPU
		Release|Any CPU = Release|Any CPU
	EndGlobalSection
	GlobalSection(ProjectConfigurationPlatforms) = postSolution
		{E1884194-7D97-490E-BD77-B5BD9268DA27}.Debug|Any CPU.ActiveCfg = Debug|Any CPU
		{E1884194-7D97-490E-BD77-B5BD9268DA27}.Debug|Any CPU.Build.0 = Debug|Any CPU
		{E1884194-7D97-490E-BD77-B5BD9268DA27}.Release|Any CPU.ActiveCfg = Release|Any CPU
		{E1884194-7D97-490E-BD77-B5BD9268DA27}.Release|Any CPU.Build.0 = Release|Any CPU
	EndGlobalSection
	GlobalSection(SolutionProperties) = preSolution
		HideSolutionNode = FALSE
	EndGlobalSection
	GlobalSection(ExtensibilityGlobals) = postSolution
		SolutionGuid = {82B1C7BD-7AB1-49C0-B0E3-3E6B0A615A97}
	EndGlobalSection
EndGlobal
