
Microsoft Visual Studio Solution File, Format Version 12.00
# Visual Studio Version 17
VisualStudioVersion = 17.9.34714.143
MinimumVisualStudioVersion = 10.0.40219.1
Project("{FAE04EC0-301F-11D3-BF4B-00C04F79EFBC}") = "Aula26urionline1012", "Aula26urionline1012\Aula26urionline1012.csproj", "{96D35C31-AFEA-4C43-96C9-A3B84FB59190}"
EndProject
Global
	GlobalSection(SolutionConfigurationPlatforms) = preSolution
		Debug|Any CPU = Debug|Any CPU
		Release|Any CPU = Release|Any CPU
	EndGlobalSection
	GlobalSection(ProjectConfigurationPlatforms) = postSolution
		{96D35C31-AFEA-4C43-96C9-A3B84FB59190}.Debug|Any CPU.ActiveCfg = Debug|Any CPU
		{96D35C31-AFEA-4C43-96C9-A3B84FB59190}.Debug|Any CPU.Build.0 = Debug|Any CPU
		{96D35C31-AFEA-4C43-96C9-A3B84FB59190}.Release|Any CPU.ActiveCfg = Release|Any CPU
		{96D35C31-AFEA-4C43-96C9-A3B84FB59190}.Release|Any CPU.Build.0 = Release|Any CPU
	EndGlobalSection
	GlobalSection(SolutionProperties) = preSolution
		HideSolutionNode = FALSE
	EndGlobalSection
	GlobalSection(ExtensibilityGlobals) = postSolution
		SolutionGuid = {179A3FB3-33D8-48F1-ADCA-034819B52481}
	EndGlobalSection
EndGlobal
