
Microsoft Visual Studio Solution File, Format Version 12.00
# Visual Studio Version 17
VisualStudioVersion = 17.9.34902.65
MinimumVisualStudioVersion = 10.0.40219.1
Project("{FAE04EC0-301F-11D3-BF4B-00C04F79EFBC}") = "Bee1096", "Bee1096.csproj", "{F0FE846B-EC61-4299-B53E-3D18EC415DE3}"
EndProject
Global
	GlobalSection(SolutionConfigurationPlatforms) = preSolution
		Debug|Any CPU = Debug|Any CPU
		Release|Any CPU = Release|Any CPU
	EndGlobalSection
	GlobalSection(ProjectConfigurationPlatforms) = postSolution
		{F0FE846B-EC61-4299-B53E-3D18EC415DE3}.Debug|Any CPU.ActiveCfg = Debug|Any CPU
		{F0FE846B-EC61-4299-B53E-3D18EC415DE3}.Debug|Any CPU.Build.0 = Debug|Any CPU
		{F0FE846B-EC61-4299-B53E-3D18EC415DE3}.Release|Any CPU.ActiveCfg = Release|Any CPU
		{F0FE846B-EC61-4299-B53E-3D18EC415DE3}.Release|Any CPU.Build.0 = Release|Any CPU
	EndGlobalSection
	GlobalSection(SolutionProperties) = preSolution
		HideSolutionNode = FALSE
	EndGlobalSection
	GlobalSection(ExtensibilityGlobals) = postSolution
		SolutionGuid = {061B1DB2-B8F6-41E2-A076-0EED96EF6D25}
	EndGlobalSection
EndGlobal
