
Microsoft Visual Studio Solution File, Format Version 12.00
# Visual Studio Version 17
VisualStudioVersion = 17.8.34525.116
MinimumVisualStudioVersion = 10.0.40219.1
Project("{FAE04EC0-301F-11D3-BF4B-00C04F79EFBC}") = "Aula20_Atividade01", "Aula20_Atividade01\Aula20_Atividade01.csproj", "{B24CD3DF-11D7-4AF5-A928-504010D66725}"
EndProject
Global
	GlobalSection(SolutionConfigurationPlatforms) = preSolution
		Debug|Any CPU = Debug|Any CPU
		Release|Any CPU = Release|Any CPU
	EndGlobalSection
	GlobalSection(ProjectConfigurationPlatforms) = postSolution
		{B24CD3DF-11D7-4AF5-A928-504010D66725}.Debug|Any CPU.ActiveCfg = Debug|Any CPU
		{B24CD3DF-11D7-4AF5-A928-504010D66725}.Debug|Any CPU.Build.0 = Debug|Any CPU
		{B24CD3DF-11D7-4AF5-A928-504010D66725}.Release|Any CPU.ActiveCfg = Release|Any CPU
		{B24CD3DF-11D7-4AF5-A928-504010D66725}.Release|Any CPU.Build.0 = Release|Any CPU
	EndGlobalSection
	GlobalSection(SolutionProperties) = preSolution
		HideSolutionNode = FALSE
	EndGlobalSection
	GlobalSection(ExtensibilityGlobals) = postSolution
		SolutionGuid = {2A7EBC8F-BE29-48C2-83A8-A6A43F990AE0}
	EndGlobalSection
EndGlobal
