
Microsoft Visual Studio Solution File, Format Version 12.00
# Visual Studio Version 17
VisualStudioVersion = 17.8.34525.116
MinimumVisualStudioVersion = 10.0.40219.1
Project("{FAE04EC0-301F-11D3-BF4B-00C04F79EFBC}") = "Aula18", "Aula18\Aula18.csproj", "{94718B0A-891F-4EC9-9A14-26450880263B}"
EndProject
Global
	GlobalSection(SolutionConfigurationPlatforms) = preSolution
		Debug|Any CPU = Debug|Any CPU
		Release|Any CPU = Release|Any CPU
	EndGlobalSection
	GlobalSection(ProjectConfigurationPlatforms) = postSolution
		{94718B0A-891F-4EC9-9A14-26450880263B}.Debug|Any CPU.ActiveCfg = Debug|Any CPU
		{94718B0A-891F-4EC9-9A14-26450880263B}.Debug|Any CPU.Build.0 = Debug|Any CPU
		{94718B0A-891F-4EC9-9A14-26450880263B}.Release|Any CPU.ActiveCfg = Release|Any CPU
		{94718B0A-891F-4EC9-9A14-26450880263B}.Release|Any CPU.Build.0 = Release|Any CPU
	EndGlobalSection
	GlobalSection(SolutionProperties) = preSolution
		HideSolutionNode = FALSE
	EndGlobalSection
	GlobalSection(ExtensibilityGlobals) = postSolution
		SolutionGuid = {93BA937C-1B7F-4085-A587-1A6C91F856C7}
	EndGlobalSection
EndGlobal
