
Microsoft Visual Studio Solution File, Format Version 12.00
# Visual Studio Version 17
VisualStudioVersion = 17.9.34902.65
MinimumVisualStudioVersion = 10.0.40219.1
Project("{FAE04EC0-301F-11D3-BF4B-00C04F79EFBC}") = "Bee1142", "Bee1142.csproj", "{D164EF2D-D5DB-40A1-9762-609AC93102BF}"
EndProject
Global
	GlobalSection(SolutionConfigurationPlatforms) = preSolution
		Debug|Any CPU = Debug|Any CPU
		Release|Any CPU = Release|Any CPU
	EndGlobalSection
	GlobalSection(ProjectConfigurationPlatforms) = postSolution
		{D164EF2D-D5DB-40A1-9762-609AC93102BF}.Debug|Any CPU.ActiveCfg = Debug|Any CPU
		{D164EF2D-D5DB-40A1-9762-609AC93102BF}.Debug|Any CPU.Build.0 = Debug|Any CPU
		{D164EF2D-D5DB-40A1-9762-609AC93102BF}.Release|Any CPU.ActiveCfg = Release|Any CPU
		{D164EF2D-D5DB-40A1-9762-609AC93102BF}.Release|Any CPU.Build.0 = Release|Any CPU
	EndGlobalSection
	GlobalSection(SolutionProperties) = preSolution
		HideSolutionNode = FALSE
	EndGlobalSection
	GlobalSection(ExtensibilityGlobals) = postSolution
		SolutionGuid = {DFA80625-CFA7-4416-83E0-9C7800C41CAF}
	EndGlobalSection
EndGlobal
