
Microsoft Visual Studio Solution File, Format Version 12.00
# Visual Studio Version 17
VisualStudioVersion = 17.9.34714.143
MinimumVisualStudioVersion = 10.0.40219.1
Project("{FAE04EC0-301F-11D3-BF4B-00C04F79EFBC}") = "Aula28Urionline1021", "Aula28Urionline1021\Aula28Urionline1021.csproj", "{C1B46DFC-1561-465E-B8CA-DC4D4C88A5EE}"
EndProject
Global
	GlobalSection(SolutionConfigurationPlatforms) = preSolution
		Debug|Any CPU = Debug|Any CPU
		Release|Any CPU = Release|Any CPU
	EndGlobalSection
	GlobalSection(ProjectConfigurationPlatforms) = postSolution
		{C1B46DFC-1561-465E-B8CA-DC4D4C88A5EE}.Debug|Any CPU.ActiveCfg = Debug|Any CPU
		{C1B46DFC-1561-465E-B8CA-DC4D4C88A5EE}.Debug|Any CPU.Build.0 = Debug|Any CPU
		{C1B46DFC-1561-465E-B8CA-DC4D4C88A5EE}.Release|Any CPU.ActiveCfg = Release|Any CPU
		{C1B46DFC-1561-465E-B8CA-DC4D4C88A5EE}.Release|Any CPU.Build.0 = Release|Any CPU
	EndGlobalSection
	GlobalSection(SolutionProperties) = preSolution
		HideSolutionNode = FALSE
	EndGlobalSection
	GlobalSection(ExtensibilityGlobals) = postSolution
		SolutionGuid = {34EAC594-F481-4003-BD8A-3B0F43F3CC59}
	EndGlobalSection
EndGlobal
