
Microsoft Visual Studio Solution File, Format Version 12.00
# Visual Studio Version 17
VisualStudioVersion = 17.9.34902.65
MinimumVisualStudioVersion = 10.0.40219.1
Project("{FAE04EC0-301F-11D3-BF4B-00C04F79EFBC}") = "Bee1075", "Bee1075.csproj", "{D51E578C-4DDB-4368-BDE2-3F8C3AACC6FC}"
EndProject
Global
	GlobalSection(SolutionConfigurationPlatforms) = preSolution
		Debug|Any CPU = Debug|Any CPU
		Release|Any CPU = Release|Any CPU
	EndGlobalSection
	GlobalSection(ProjectConfigurationPlatforms) = postSolution
		{D51E578C-4DDB-4368-BDE2-3F8C3AACC6FC}.Debug|Any CPU.ActiveCfg = Debug|Any CPU
		{D51E578C-4DDB-4368-BDE2-3F8C3AACC6FC}.Debug|Any CPU.Build.0 = Debug|Any CPU
		{D51E578C-4DDB-4368-BDE2-3F8C3AACC6FC}.Release|Any CPU.ActiveCfg = Release|Any CPU
		{D51E578C-4DDB-4368-BDE2-3F8C3AACC6FC}.Release|Any CPU.Build.0 = Release|Any CPU
	EndGlobalSection
	GlobalSection(SolutionProperties) = preSolution
		HideSolutionNode = FALSE
	EndGlobalSection
	GlobalSection(ExtensibilityGlobals) = postSolution
		SolutionGuid = {901144DC-31BF-45C0-B695-D5D4A36D7D0A}
	EndGlobalSection
EndGlobal
