
Microsoft Visual Studio Solution File, Format Version 12.00
# Visual Studio Version 17
VisualStudioVersion = 17.8.34525.116
MinimumVisualStudioVersion = 10.0.40219.1
Project("{FAE04EC0-301F-11D3-BF4B-00C04F79EFBC}") = "Aula23Urionline1004", "Aula23Urionline1004\Aula23Urionline1004.csproj", "{67CA96DB-44C2-428B-9354-1402AD452594}"
EndProject
Global
	GlobalSection(SolutionConfigurationPlatforms) = preSolution
		Debug|Any CPU = Debug|Any CPU
		Release|Any CPU = Release|Any CPU
	EndGlobalSection
	GlobalSection(ProjectConfigurationPlatforms) = postSolution
		{67CA96DB-44C2-428B-9354-1402AD452594}.Debug|Any CPU.ActiveCfg = Debug|Any CPU
		{67CA96DB-44C2-428B-9354-1402AD452594}.Debug|Any CPU.Build.0 = Debug|Any CPU
		{67CA96DB-44C2-428B-9354-1402AD452594}.Release|Any CPU.ActiveCfg = Release|Any CPU
		{67CA96DB-44C2-428B-9354-1402AD452594}.Release|Any CPU.Build.0 = Release|Any CPU
	EndGlobalSection
	GlobalSection(SolutionProperties) = preSolution
		HideSolutionNode = FALSE
	EndGlobalSection
	GlobalSection(ExtensibilityGlobals) = postSolution
		SolutionGuid = {0B08BB64-F6BB-4EAA-A8D1-2528CECEFCC7}
	EndGlobalSection
EndGlobal
